
Microsoft Visual Studio Solution File, Format Version 12.00
# Visual Studio Version 17
VisualStudioVersion = 17.11.35222.181
MinimumVisualStudioVersion = 10.0.40219.1
Project("{FAE04EC0-301F-11D3-BF4B-00C04F79EFBC}") = "9BDetailsView _fromview", "9BDetailsView _fromview\9BDetailsView _fromview.csproj", "{81D914B6-6125-4A75-9B34-876CB7A37FAF}"
EndProject
Global
	GlobalSection(SolutionConfigurationPlatforms) = preSolution
		Debug|Any CPU = Debug|Any CPU
		Release|Any CPU = Release|Any CPU
	EndGlobalSection
	GlobalSection(ProjectConfigurationPlatforms) = postSolution
		{81D914B6-6125-4A75-9B34-876CB7A37FAF}.Debug|Any CPU.ActiveCfg = Debug|Any CPU
		{81D914B6-6125-4A75-9B34-876CB7A37FAF}.Debug|Any CPU.Build.0 = Debug|Any CPU
		{81D914B6-6125-4A75-9B34-876CB7A37FAF}.Release|Any CPU.ActiveCfg = Release|Any CPU
		{81D914B6-6125-4A75-9B34-876CB7A37FAF}.Release|Any CPU.Build.0 = Release|Any CPU
	EndGlobalSection
	GlobalSection(SolutionProperties) = preSolution
		HideSolutionNode = FALSE
	EndGlobalSection
	GlobalSection(ExtensibilityGlobals) = postSolution
		SolutionGuid = {F1419F1A-5144-454E-B488-38374E32939B}
	EndGlobalSection
EndGlobal
