
Microsoft Visual Studio Solution File, Format Version 12.00
# Visual Studio Version 17
VisualStudioVersion = 17.11.35222.181
MinimumVisualStudioVersion = 10.0.40219.1
Project("{FAE04EC0-301F-11D3-BF4B-00C04F79EFBC}") = "cookie", "cookie\cookie.csproj", "{4143E717-5328-4132-9707-3C9C2918F4EE}"
EndProject
Global
	GlobalSection(SolutionConfigurationPlatforms) = preSolution
		Debug|Any CPU = Debug|Any CPU
		Release|Any CPU = Release|Any CPU
	EndGlobalSection
	GlobalSection(ProjectConfigurationPlatforms) = postSolution
		{4143E717-5328-4132-9707-3C9C2918F4EE}.Debug|Any CPU.ActiveCfg = Debug|Any CPU
		{4143E717-5328-4132-9707-3C9C2918F4EE}.Debug|Any CPU.Build.0 = Debug|Any CPU
		{4143E717-5328-4132-9707-3C9C2918F4EE}.Release|Any CPU.ActiveCfg = Release|Any CPU
		{4143E717-5328-4132-9707-3C9C2918F4EE}.Release|Any CPU.Build.0 = Release|Any CPU
	EndGlobalSection
	GlobalSection(SolutionProperties) = preSolution
		HideSolutionNode = FALSE
	EndGlobalSection
	GlobalSection(ExtensibilityGlobals) = postSolution
		SolutionGuid = {5F7BF82B-B345-4D50-AA48-CACFC28C6419}
	EndGlobalSection
EndGlobal
