
Microsoft Visual Studio Solution File, Format Version 12.00
# Visual Studio Version 17
VisualStudioVersion = 17.11.35222.181
MinimumVisualStudioVersion = 10.0.40219.1
Project("{FAE04EC0-301F-11D3-BF4B-00C04F79EFBC}") = "ajaxcontrol 10B", "ajaxcontrol 10B\ajaxcontrol 10B.csproj", "{EC181DF0-662B-4A42-92E6-763C24074275}"
EndProject
Global
	GlobalSection(SolutionConfigurationPlatforms) = preSolution
		Debug|Any CPU = Debug|Any CPU
		Release|Any CPU = Release|Any CPU
	EndGlobalSection
	GlobalSection(ProjectConfigurationPlatforms) = postSolution
		{EC181DF0-662B-4A42-92E6-763C24074275}.Debug|Any CPU.ActiveCfg = Debug|Any CPU
		{EC181DF0-662B-4A42-92E6-763C24074275}.Debug|Any CPU.Build.0 = Debug|Any CPU
		{EC181DF0-662B-4A42-92E6-763C24074275}.Release|Any CPU.ActiveCfg = Release|Any CPU
		{EC181DF0-662B-4A42-92E6-763C24074275}.Release|Any CPU.Build.0 = Release|Any CPU
	EndGlobalSection
	GlobalSection(SolutionProperties) = preSolution
		HideSolutionNode = FALSE
	EndGlobalSection
	GlobalSection(ExtensibilityGlobals) = postSolution
		SolutionGuid = {C9A69AAC-2FF9-4499-B410-269B9D600135}
	EndGlobalSection
EndGlobal
