
Microsoft Visual Studio Solution File, Format Version 12.00
# Visual Studio Version 17
VisualStudioVersion = 17.11.35222.181
MinimumVisualStudioVersion = 10.0.40219.1
Project("{FAE04EC0-301F-11D3-BF4B-00C04F79EFBC}") = "3C Treeview", "3C Treeview\3C Treeview.csproj", "{A239916D-8B29-4824-BBC1-D54C85406865}"
EndProject
Global
	GlobalSection(SolutionConfigurationPlatforms) = preSolution
		Debug|Any CPU = Debug|Any CPU
		Release|Any CPU = Release|Any CPU
	EndGlobalSection
	GlobalSection(ProjectConfigurationPlatforms) = postSolution
		{A239916D-8B29-4824-BBC1-D54C85406865}.Debug|Any CPU.ActiveCfg = Debug|Any CPU
		{A239916D-8B29-4824-BBC1-D54C85406865}.Debug|Any CPU.Build.0 = Debug|Any CPU
		{A239916D-8B29-4824-BBC1-D54C85406865}.Release|Any CPU.ActiveCfg = Release|Any CPU
		{A239916D-8B29-4824-BBC1-D54C85406865}.Release|Any CPU.Build.0 = Release|Any CPU
	EndGlobalSection
	GlobalSection(SolutionProperties) = preSolution
		HideSolutionNode = FALSE
	EndGlobalSection
	GlobalSection(ExtensibilityGlobals) = postSolution
		SolutionGuid = {4DAFA9C6-DD3F-4FB6-AC71-05D4966B7DD3}
	EndGlobalSection
EndGlobal
