
Microsoft Visual Studio Solution File, Format Version 12.00
# Visual Studio Version 17
VisualStudioVersion = 17.11.35222.181
MinimumVisualStudioVersion = 10.0.40219.1
Project("{FAE04EC0-301F-11D3-BF4B-00C04F79EFBC}") = "treelist 5a&b", "treelist 5a&b\treelist 5a&b.csproj", "{17E35B19-4CFC-4191-AB1A-FC69EA000A56}"
EndProject
Global
	GlobalSection(SolutionConfigurationPlatforms) = preSolution
		Debug|Any CPU = Debug|Any CPU
		Release|Any CPU = Release|Any CPU
	EndGlobalSection
	GlobalSection(ProjectConfigurationPlatforms) = postSolution
		{17E35B19-4CFC-4191-AB1A-FC69EA000A56}.Debug|Any CPU.ActiveCfg = Debug|Any CPU
		{17E35B19-4CFC-4191-AB1A-FC69EA000A56}.Debug|Any CPU.Build.0 = Debug|Any CPU
		{17E35B19-4CFC-4191-AB1A-FC69EA000A56}.Release|Any CPU.ActiveCfg = Release|Any CPU
		{17E35B19-4CFC-4191-AB1A-FC69EA000A56}.Release|Any CPU.Build.0 = Release|Any CPU
	EndGlobalSection
	GlobalSection(SolutionProperties) = preSolution
		HideSolutionNode = FALSE
	EndGlobalSection
	GlobalSection(ExtensibilityGlobals) = postSolution
		SolutionGuid = {3519F3BD-FC2B-448D-9131-2D0BF0F19BB8}
	EndGlobalSection
EndGlobal
